
Microsoft Visual Studio Solution File, Format Version 12.00
# Visual Studio Version 17
VisualStudioVersion = 17.8.34525.116
MinimumVisualStudioVersion = 10.0.40219.1
Project("{FAE04EC0-301F-11D3-BF4B-00C04F79EFBC}") = "Livraria", "Livraria\Livraria.csproj", "{32F4357A-C0E6-448B-B845-9EB3A0EC8348}"
EndProject
Global
	GlobalSection(SolutionConfigurationPlatforms) = preSolution
		Debug|Any CPU = Debug|Any CPU
		Release|Any CPU = Release|Any CPU
	EndGlobalSection
	GlobalSection(ProjectConfigurationPlatforms) = postSolution
		{32F4357A-C0E6-448B-B845-9EB3A0EC8348}.Debug|Any CPU.ActiveCfg = Debug|Any CPU
		{32F4357A-C0E6-448B-B845-9EB3A0EC8348}.Debug|Any CPU.Build.0 = Debug|Any CPU
		{32F4357A-C0E6-448B-B845-9EB3A0EC8348}.Release|Any CPU.ActiveCfg = Release|Any CPU
		{32F4357A-C0E6-448B-B845-9EB3A0EC8348}.Release|Any CPU.Build.0 = Release|Any CPU
	EndGlobalSection
	GlobalSection(SolutionProperties) = preSolution
		HideSolutionNode = FALSE
	EndGlobalSection
	GlobalSection(ExtensibilityGlobals) = postSolution
		SolutionGuid = {8B9AD9FD-2716-4D54-80B2-FEED1654CE82}
	EndGlobalSection
EndGlobal
